
Microsoft Visual Studio Solution File, Format Version 12.00
# Visual Studio Version 17
VisualStudioVersion = 17.4.33110.190
MinimumVisualStudioVersion = 10.0.40219.1
Project("{FAE04EC0-301F-11D3-BF4B-00C04F79EFBC}") = "Object oriented program that print out characters of animals", "Object oriented program that print out characters of animals.csproj", "{D750FBCE-6575-42F7-A595-E970E5A689A8}"
EndProject
Global
	GlobalSection(SolutionConfigurationPlatforms) = preSolution
		Debug|Any CPU = Debug|Any CPU
		Release|Any CPU = Release|Any CPU
	EndGlobalSection
	GlobalSection(ProjectConfigurationPlatforms) = postSolution
		{D750FBCE-6575-42F7-A595-E970E5A689A8}.Debug|Any CPU.ActiveCfg = Debug|Any CPU
		{D750FBCE-6575-42F7-A595-E970E5A689A8}.Debug|Any CPU.Build.0 = Debug|Any CPU
		{D750FBCE-6575-42F7-A595-E970E5A689A8}.Release|Any CPU.ActiveCfg = Release|Any CPU
		{D750FBCE-6575-42F7-A595-E970E5A689A8}.Release|Any CPU.Build.0 = Release|Any CPU
	EndGlobalSection
	GlobalSection(SolutionProperties) = preSolution
		HideSolutionNode = FALSE
	EndGlobalSection
	GlobalSection(ExtensibilityGlobals) = postSolution
		SolutionGuid = {C7FADEBF-B165-470E-BB7A-D1B7421049C1}
	EndGlobalSection
EndGlobal
